
Microsoft Visual Studio Solution File, Format Version 12.00
# Visual Studio 14
VisualStudioVersion = 14.0.25420.1
MinimumVisualStudioVersion = 10.0.40219.1
Project("{FAE04EC0-301F-11D3-BF4B-00C04F79EFBC}") = "AppGestorWindow", "AppGestorWindow\AppGestorWindow.csproj", "{937AD3BB-7D35-4596-AED8-4A8107D79514}"
EndProject
Project("{FAE04EC0-301F-11D3-BF4B-00C04F79EFBC}") = "ModelAppGestor", "ModelAppGestor\ModelAppGestor.csproj", "{F3E92220-AEFA-4780-98D4-C10E7F54A7AE}"
EndProject
Global
	GlobalSection(SolutionConfigurationPlatforms) = preSolution
		Debug|Any CPU = Debug|Any CPU
		Release|Any CPU = Release|Any CPU
	EndGlobalSection
	GlobalSection(ProjectConfigurationPlatforms) = postSolution
		{937AD3BB-7D35-4596-AED8-4A8107D79514}.Debug|Any CPU.ActiveCfg = Debug|Any CPU
		{937AD3BB-7D35-4596-AED8-4A8107D79514}.Debug|Any CPU.Build.0 = Debug|Any CPU
		{937AD3BB-7D35-4596-AED8-4A8107D79514}.Release|Any CPU.ActiveCfg = Release|Any CPU
		{937AD3BB-7D35-4596-AED8-4A8107D79514}.Release|Any CPU.Build.0 = Release|Any CPU
		{F3E92220-AEFA-4780-98D4-C10E7F54A7AE}.Debug|Any CPU.ActiveCfg = Debug|Any CPU
		{F3E92220-AEFA-4780-98D4-C10E7F54A7AE}.Debug|Any CPU.Build.0 = Debug|Any CPU
		{F3E92220-AEFA-4780-98D4-C10E7F54A7AE}.Release|Any CPU.ActiveCfg = Release|Any CPU
		{F3E92220-AEFA-4780-98D4-C10E7F54A7AE}.Release|Any CPU.Build.0 = Release|Any CPU
	EndGlobalSection
	GlobalSection(SolutionProperties) = preSolution
		HideSolutionNode = FALSE
	EndGlobalSection
EndGlobal
